// !$*UTF8*$!
{
	archiveVersion = 1;
	classes = {
	};
	objectVersion = 46;
	objects = {

/* Begin PBXBuildFile section */
		2C42EC7B0429A48071EE692B /* Pods_AlphaProcessCheck.framework in Frameworks */ = {isa = PBXBuildFile; fileRef = 1697A5557CB840AFC1FD33C5 /* Pods_AlphaProcessCheck.framework */; };
		63F0EA551C03A4FD00DBAA1A /* AppDelegate.swift in Sources */ = {isa = PBXBuildFile; fileRef = 63F0EA541C03A4FD00DBAA1A /* AppDelegate.swift */; };
		63F0EA571C03A4FD00DBAA1A /* ViewController.swift in Sources */ = {isa = PBXBuildFile; fileRef = 63F0EA561C03A4FD00DBAA1A /* ViewController.swift */; };
		63F0EA5A1C03A4FD00DBAA1A /* Main.storyboard in Resources */ = {isa = PBXBuildFile; fileRef = 63F0EA581C03A4FD00DBAA1A /* Main.storyboard */; };
		63F0EA5D1C03A4FD00DBAA1A /* AlphaProcessCheck.xcdatamodeld in Sources */ = {isa = PBXBuildFile; fileRef = 63F0EA5B1C03A4FD00DBAA1A /* AlphaProcessCheck.xcdatamodeld */; };
		63F0EA5F1C03A4FD00DBAA1A /* Assets.xcassets in Resources */ = {isa = PBXBuildFile; fileRef = 63F0EA5E1C03A4FD00DBAA1A /* Assets.xcassets */; };
		63F0EA621C03A4FD00DBAA1A /* LaunchScreen.storyboard in Resources */ = {isa = PBXBuildFile; fileRef = 63F0EA601C03A4FD00DBAA1A /* LaunchScreen.storyboard */; };
		63F0EA6D1C03A4FD00DBAA1A /* AlphaProcessCheckTests.swift in Sources */ = {isa = PBXBuildFile; fileRef = 63F0EA6C1C03A4FD00DBAA1A /* AlphaProcessCheckTests.swift */; };
		63F0EA781C03A4FD00DBAA1A /* AlphaProcessCheckUITests.swift in Sources */ = {isa = PBXBuildFile; fileRef = 63F0EA771C03A4FD00DBAA1A /* AlphaProcessCheckUITests.swift */; };
		63F0EA891C03ABD300DBAA1A /* Result.framework in Frameworks */ = {isa = PBXBuildFile; fileRef = 63F0EA881C03ABD300DBAA1A /* Result.framework */; };
		63F0EA8B1C03ABDC00DBAA1A /* ReactiveCocoa.framework in Frameworks */ = {isa = PBXBuildFile; fileRef = 63F0EA8A1C03ABDC00DBAA1A /* ReactiveCocoa.framework */; };
		63F0EA951C03BBC500DBAA1A /* RestClient.swift in Sources */ = {isa = PBXBuildFile; fileRef = 63F0EA941C03BBC500DBAA1A /* RestClient.swift */; };
		63F0EA971C03BBDA00DBAA1A /* PersistentClient.swift in Sources */ = {isa = PBXBuildFile; fileRef = 63F0EA961C03BBDA00DBAA1A /* PersistentClient.swift */; };
		63F0EA991C03BBF000DBAA1A /* DataManager.swift in Sources */ = {isa = PBXBuildFile; fileRef = 63F0EA981C03BBF000DBAA1A /* DataManager.swift */; };
		63F0EA9B1C03C34E00DBAA1A /* CoreDataStack.swift in Sources */ = {isa = PBXBuildFile; fileRef = 63F0EA9A1C03C34E00DBAA1A /* CoreDataStack.swift */; };
/* End PBXBuildFile section */

/* Begin PBXContainerItemProxy section */
		63F0EA691C03A4FD00DBAA1A /* PBXContainerItemProxy */ = {
			isa = PBXContainerItemProxy;
			containerPortal = 63F0EA491C03A4FD00DBAA1A /* Project object */;
			proxyType = 1;
			remoteGlobalIDString = 63F0EA501C03A4FD00DBAA1A;
			remoteInfo = AlphaProcessCheck;
		};
		63F0EA741C03A4FD00DBAA1A /* PBXContainerItemProxy */ = {
			isa = PBXContainerItemProxy;
			containerPortal = 63F0EA491C03A4FD00DBAA1A /* Project object */;
			proxyType = 1;
			remoteGlobalIDString = 63F0EA501C03A4FD00DBAA1A;
			remoteInfo = AlphaProcessCheck;
		};
/* End PBXContainerItemProxy section */

/* Begin PBXFileReference section */
		1697A5557CB840AFC1FD33C5 /* Pods_AlphaProcessCheck.framework */ = {isa = PBXFileReference; explicitFileType = wrapper.framework; includeInIndex = 0; path = Pods_AlphaProcessCheck.framework; sourceTree = BUILT_PRODUCTS_DIR; };
		29C76F0A65C1D2085A8DF32C /* Pods-AlphaProcessCheck.release.xcconfig */ = {isa = PBXFileReference; includeInIndex = 1; lastKnownFileType = text.xcconfig; name = "Pods-AlphaProcessCheck.release.xcconfig"; path = "Pods/Target Support Files/Pods-AlphaProcessCheck/Pods-AlphaProcessCheck.release.xcconfig"; sourceTree = "<group>"; };
		63F0EA511C03A4FD00DBAA1A /* AlphaProcessCheck.app */ = {isa = PBXFileReference; explicitFileType = wrapper.application; includeInIndex = 0; path = AlphaProcessCheck.app; sourceTree = BUILT_PRODUCTS_DIR; };
		63F0EA541C03A4FD00DBAA1A /* AppDelegate.swift */ = {isa = PBXFileReference; lastKnownFileType = sourcecode.swift; path = AppDelegate.swift; sourceTree = "<group>"; };
		63F0EA561C03A4FD00DBAA1A /* ViewController.swift */ = {isa = PBXFileReference; lastKnownFileType = sourcecode.swift; path = ViewController.swift; sourceTree = "<group>"; };
		63F0EA591C03A4FD00DBAA1A /* Base */ = {isa = PBXFileReference; lastKnownFileType = file.storyboard; name = Base; path = Base.lproj/Main.storyboard; sourceTree = "<group>"; };
		63F0EA5C1C03A4FD00DBAA1A /* AlphaProcessCheck.xcdatamodel */ = {isa = PBXFileReference; lastKnownFileType = wrapper.xcdatamodel; path = AlphaProcessCheck.xcdatamodel; sourceTree = "<group>"; };
		63F0EA5E1C03A4FD00DBAA1A /* Assets.xcassets */ = {isa = PBXFileReference; lastKnownFileType = folder.assetcatalog; path = Assets.xcassets; sourceTree = "<group>"; };
		63F0EA611C03A4FD00DBAA1A /* Base */ = {isa = PBXFileReference; lastKnownFileType = file.storyboard; name = Base; path = Base.lproj/LaunchScreen.storyboard; sourceTree = "<group>"; };
		63F0EA631C03A4FD00DBAA1A /* Info.plist */ = {isa = PBXFileReference; lastKnownFileType = text.plist.xml; path = Info.plist; sourceTree = "<group>"; };
		63F0EA681C03A4FD00DBAA1A /* AlphaProcessCheckTests.xctest */ = {isa = PBXFileReference; explicitFileType = wrapper.cfbundle; includeInIndex = 0; path = AlphaProcessCheckTests.xctest; sourceTree = BUILT_PRODUCTS_DIR; };
		63F0EA6C1C03A4FD00DBAA1A /* AlphaProcessCheckTests.swift */ = {isa = PBXFileReference; lastKnownFileType = sourcecode.swift; path = AlphaProcessCheckTests.swift; sourceTree = "<group>"; };
		63F0EA6E1C03A4FD00DBAA1A /* Info.plist */ = {isa = PBXFileReference; lastKnownFileType = text.plist.xml; path = Info.plist; sourceTree = "<group>"; };
		63F0EA731C03A4FD00DBAA1A /* AlphaProcessCheckUITests.xctest */ = {isa = PBXFileReference; explicitFileType = wrapper.cfbundle; includeInIndex = 0; path = AlphaProcessCheckUITests.xctest; sourceTree = BUILT_PRODUCTS_DIR; };
		63F0EA771C03A4FD00DBAA1A /* AlphaProcessCheckUITests.swift */ = {isa = PBXFileReference; lastKnownFileType = sourcecode.swift; path = AlphaProcessCheckUITests.swift; sourceTree = "<group>"; };
		63F0EA791C03A4FD00DBAA1A /* Info.plist */ = {isa = PBXFileReference; lastKnownFileType = text.plist.xml; path = Info.plist; sourceTree = "<group>"; };
		63F0EA881C03ABD300DBAA1A /* Result.framework */ = {isa = PBXFileReference; lastKnownFileType = wrapper.framework; name = Result.framework; path = Carthage/Build/iOS/Result.framework; sourceTree = "<group>"; };
		63F0EA8A1C03ABDC00DBAA1A /* ReactiveCocoa.framework */ = {isa = PBXFileReference; lastKnownFileType = wrapper.framework; name = ReactiveCocoa.framework; path = Carthage/Build/iOS/ReactiveCocoa.framework; sourceTree = "<group>"; };
		63F0EA941C03BBC500DBAA1A /* RestClient.swift */ = {isa = PBXFileReference; fileEncoding = 4; lastKnownFileType = sourcecode.swift; path = RestClient.swift; sourceTree = "<group>"; };
		63F0EA961C03BBDA00DBAA1A /* PersistentClient.swift */ = {isa = PBXFileReference; fileEncoding = 4; lastKnownFileType = sourcecode.swift; path = PersistentClient.swift; sourceTree = "<group>"; };
		63F0EA981C03BBF000DBAA1A /* DataManager.swift */ = {isa = PBXFileReference; fileEncoding = 4; lastKnownFileType = sourcecode.swift; path = DataManager.swift; sourceTree = "<group>"; };
		63F0EA9A1C03C34E00DBAA1A /* CoreDataStack.swift */ = {isa = PBXFileReference; fileEncoding = 4; lastKnownFileType = sourcecode.swift; path = CoreDataStack.swift; sourceTree = "<group>"; };
		AFB44BE749424D26A3AB0908 /* Pods-AlphaProcessCheck.debug.xcconfig */ = {isa = PBXFileReference; includeInIndex = 1; lastKnownFileType = text.xcconfig; name = "Pods-AlphaProcessCheck.debug.xcconfig"; path = "Pods/Target Support Files/Pods-AlphaProcessCheck/Pods-AlphaProcessCheck.debug.xcconfig"; sourceTree = "<group>"; };
/* End PBXFileReference section */

/* Begin PBXFrameworksBuildPhase section */
		63F0EA4E1C03A4FD00DBAA1A /* Frameworks */ = {
			isa = PBXFrameworksBuildPhase;
			buildActionMask = 2147483647;
			files = (
				63F0EA891C03ABD300DBAA1A /* Result.framework in Frameworks */,
				63F0EA8B1C03ABDC00DBAA1A /* ReactiveCocoa.framework in Frameworks */,
				2C42EC7B0429A48071EE692B /* Pods_AlphaProcessCheck.framework in Frameworks */,
			);
			runOnlyForDeploymentPostprocessing = 0;
		};
		63F0EA651C03A4FD00DBAA1A /* Frameworks */ = {
			isa = PBXFrameworksBuildPhase;
			buildActionMask = 2147483647;
			files = (
			);
			runOnlyForDeploymentPostprocessing = 0;
		};
		63F0EA701C03A4FD00DBAA1A /* Frameworks */ = {
			isa = PBXFrameworksBuildPhase;
			buildActionMask = 2147483647;
			files = (
			);
			runOnlyForDeploymentPostprocessing = 0;
		};
/* End PBXFrameworksBuildPhase section */

/* Begin PBXGroup section */
		63F0EA481C03A4FD00DBAA1A = {
			isa = PBXGroup;
			children = (
				63F0EA531C03A4FD00DBAA1A /* AlphaProcessCheck */,
				63F0EA6B1C03A4FD00DBAA1A /* AlphaProcessCheckTests */,
				63F0EA761C03A4FD00DBAA1A /* AlphaProcessCheckUITests */,
				63F0EA521C03A4FD00DBAA1A /* Products */,
				928DBDD207E4CC0A5BFEBA76 /* Pods */,
				ACD5B38EA67D95B4E563B393 /* Frameworks */,
			);
			sourceTree = "<group>";
		};
		63F0EA521C03A4FD00DBAA1A /* Products */ = {
			isa = PBXGroup;
			children = (
				63F0EA511C03A4FD00DBAA1A /* AlphaProcessCheck.app */,
				63F0EA681C03A4FD00DBAA1A /* AlphaProcessCheckTests.xctest */,
				63F0EA731C03A4FD00DBAA1A /* AlphaProcessCheckUITests.xctest */,
			);
			name = Products;
			sourceTree = "<group>";
		};
		63F0EA531C03A4FD00DBAA1A /* AlphaProcessCheck */ = {
			isa = PBXGroup;
			children = (
				63F0EA541C03A4FD00DBAA1A /* AppDelegate.swift */,
				63F0EA8C1C03B69E00DBAA1A /* Model */,
				63F0EA8F1C03B6B900DBAA1A /* Services */,
				63F0EA8E1C03B6B200DBAA1A /* Controllers */,
				63F0EA8D1C03B6A600DBAA1A /* Views */,
				63F0EA901C03B6C000DBAA1A /* Library */,
				63F0EA561C03A4FD00DBAA1A /* ViewController.swift */,
				63F0EA581C03A4FD00DBAA1A /* Main.storyboard */,
				63F0EA601C03A4FD00DBAA1A /* LaunchScreen.storyboard */,
				63F0EA5B1C03A4FD00DBAA1A /* AlphaProcessCheck.xcdatamodeld */,
				63F0EA911C03B6C600DBAA1A /* Resources */,
			);
			path = AlphaProcessCheck;
			sourceTree = "<group>";
		};
		63F0EA6B1C03A4FD00DBAA1A /* AlphaProcessCheckTests */ = {
			isa = PBXGroup;
			children = (
				63F0EA6C1C03A4FD00DBAA1A /* AlphaProcessCheckTests.swift */,
				63F0EA6E1C03A4FD00DBAA1A /* Info.plist */,
			);
			path = AlphaProcessCheckTests;
			sourceTree = "<group>";
		};
		63F0EA761C03A4FD00DBAA1A /* AlphaProcessCheckUITests */ = {
			isa = PBXGroup;
			children = (
				63F0EA771C03A4FD00DBAA1A /* AlphaProcessCheckUITests.swift */,
				63F0EA791C03A4FD00DBAA1A /* Info.plist */,
			);
			path = AlphaProcessCheckUITests;
			sourceTree = "<group>";
		};
		63F0EA8C1C03B69E00DBAA1A /* Model */ = {
			isa = PBXGroup;
			children = (
			);
			name = Model;
			sourceTree = "<group>";
		};
		63F0EA8D1C03B6A600DBAA1A /* Views */ = {
			isa = PBXGroup;
			children = (
			);
			name = Views;
			sourceTree = "<group>";
		};
		63F0EA8E1C03B6B200DBAA1A /* Controllers */ = {
			isa = PBXGroup;
			children = (
			);
			name = Controllers;
			sourceTree = "<group>";
		};
		63F0EA8F1C03B6B900DBAA1A /* Services */ = {
			isa = PBXGroup;
			children = (
				63F0EA9A1C03C34E00DBAA1A /* CoreDataStack.swift */,
				63F0EA941C03BBC500DBAA1A /* RestClient.swift */,
				63F0EA961C03BBDA00DBAA1A /* PersistentClient.swift */,
				63F0EA981C03BBF000DBAA1A /* DataManager.swift */,
			);
			name = Services;
			sourceTree = "<group>";
		};
		63F0EA901C03B6C000DBAA1A /* Library */ = {
			isa = PBXGroup;
			children = (
			);
			name = Library;
			sourceTree = "<group>";
		};
		63F0EA911C03B6C600DBAA1A /* Resources */ = {
			isa = PBXGroup;
			children = (
				63F0EA5E1C03A4FD00DBAA1A /* Assets.xcassets */,
				63F0EA631C03A4FD00DBAA1A /* Info.plist */,
			);
			name = Resources;
			sourceTree = "<group>";
		};
		928DBDD207E4CC0A5BFEBA76 /* Pods */ = {
			isa = PBXGroup;
			children = (
				AFB44BE749424D26A3AB0908 /* Pods-AlphaProcessCheck.debug.xcconfig */,
				29C76F0A65C1D2085A8DF32C /* Pods-AlphaProcessCheck.release.xcconfig */,
			);
			name = Pods;
			sourceTree = "<group>";
		};
		ACD5B38EA67D95B4E563B393 /* Frameworks */ = {
			isa = PBXGroup;
			children = (
				63F0EA8A1C03ABDC00DBAA1A /* ReactiveCocoa.framework */,
				63F0EA881C03ABD300DBAA1A /* Result.framework */,
				1697A5557CB840AFC1FD33C5 /* Pods_AlphaProcessCheck.framework */,
			);
			name = Frameworks;
			sourceTree = "<group>";
		};
/* End PBXGroup section */

/* Begin PBXNativeTarget section */
		63F0EA501C03A4FD00DBAA1A /* AlphaProcessCheck */ = {
			isa = PBXNativeTarget;
			buildConfigurationList = 63F0EA7C1C03A4FD00DBAA1A /* Build configuration list for PBXNativeTarget "AlphaProcessCheck" */;
			buildPhases = (
				7FD957D75D085B0FD9717AD4 /* Check Pods Manifest.lock */,
				63F0EA851C03A53D00DBAA1A /* Increase Build Number */,
				63F0EA4F1C03A4FD00DBAA1A /* Resources */,
				63F0EA4E1C03A4FD00DBAA1A /* Frameworks */,
				63F0EA4D1C03A4FD00DBAA1A /* Sources */,
				63F0EA861C03A56800DBAA1A /* Increase Build Number Again */,
				08C1C5BEE0C97DBA6A9D10FA /* Embed Pods Frameworks */,
				E8DD459329530EB7FED18763 /* Copy Pods Resources */,
				63F0EA871C03AAC500DBAA1A /* Carthage */,
			);
			buildRules = (
			);
			dependencies = (
			);
			name = AlphaProcessCheck;
			productName = AlphaProcessCheck;
			productReference = 63F0EA511C03A4FD00DBAA1A /* AlphaProcessCheck.app */;
			productType = "com.apple.product-type.application";
		};
		63F0EA671C03A4FD00DBAA1A /* AlphaProcessCheckTests */ = {
			isa = PBXNativeTarget;
			buildConfigurationList = 63F0EA7F1C03A4FD00DBAA1A /* Build configuration list for PBXNativeTarget "AlphaProcessCheckTests" */;
			buildPhases = (
				63F0EA641C03A4FD00DBAA1A /* Sources */,
				63F0EA651C03A4FD00DBAA1A /* Frameworks */,
				63F0EA661C03A4FD00DBAA1A /* Resources */,
			);
			buildRules = (
			);
			dependencies = (
				63F0EA6A1C03A4FD00DBAA1A /* PBXTargetDependency */,
			);
			name = AlphaProcessCheckTests;
			productName = AlphaProcessCheckTests;
			productReference = 63F0EA681C03A4FD00DBAA1A /* AlphaProcessCheckTests.xctest */;
			productType = "com.apple.product-type.bundle.unit-test";
		};
		63F0EA721C03A4FD00DBAA1A /* AlphaProcessCheckUITests */ = {
			isa = PBXNativeTarget;
			buildConfigurationList = 63F0EA821C03A4FD00DBAA1A /* Build configuration list for PBXNativeTarget "AlphaProcessCheckUITests" */;
			buildPhases = (
				63F0EA6F1C03A4FD00DBAA1A /* Sources */,
				63F0EA701C03A4FD00DBAA1A /* Frameworks */,
				63F0EA711C03A4FD00DBAA1A /* Resources */,
			);
			buildRules = (
			);
			dependencies = (
				63F0EA751C03A4FD00DBAA1A /* PBXTargetDependency */,
			);
			name = AlphaProcessCheckUITests;
			productName = AlphaProcessCheckUITests;
			productReference = 63F0EA731C03A4FD00DBAA1A /* AlphaProcessCheckUITests.xctest */;
			productType = "com.apple.product-type.bundle.ui-testing";
		};
/* End PBXNativeTarget section */

/* Begin PBXProject section */
		63F0EA491C03A4FD00DBAA1A /* Project object */ = {
			isa = PBXProject;
			attributes = {
				LastSwiftUpdateCheck = 0710;
				LastUpgradeCheck = 0710;
				ORGANIZATIONNAME = "Rapid Development Group";
				TargetAttributes = {
					63F0EA501C03A4FD00DBAA1A = {
						CreatedOnToolsVersion = 7.1.1;
					};
					63F0EA671C03A4FD00DBAA1A = {
						CreatedOnToolsVersion = 7.1.1;
						TestTargetID = 63F0EA501C03A4FD00DBAA1A;
					};
					63F0EA721C03A4FD00DBAA1A = {
						CreatedOnToolsVersion = 7.1.1;
						TestTargetID = 63F0EA501C03A4FD00DBAA1A;
					};
				};
			};
			buildConfigurationList = 63F0EA4C1C03A4FD00DBAA1A /* Build configuration list for PBXProject "AlphaProcessCheck" */;
			compatibilityVersion = "Xcode 3.2";
			developmentRegion = English;
			hasScannedForEncodings = 0;
			knownRegions = (
				en,
				Base,
			);
			mainGroup = 63F0EA481C03A4FD00DBAA1A;
			productRefGroup = 63F0EA521C03A4FD00DBAA1A /* Products */;
			projectDirPath = "";
			projectRoot = "";
			targets = (
				63F0EA501C03A4FD00DBAA1A /* AlphaProcessCheck */,
				63F0EA671C03A4FD00DBAA1A /* AlphaProcessCheckTests */,
				63F0EA721C03A4FD00DBAA1A /* AlphaProcessCheckUITests */,
			);
		};
/* End PBXProject section */

/* Begin PBXResourcesBuildPhase section */
		63F0EA4F1C03A4FD00DBAA1A /* Resources */ = {
			isa = PBXResourcesBuildPhase;
			buildActionMask = 2147483647;
			files = (
				63F0EA621C03A4FD00DBAA1A /* LaunchScreen.storyboard in Resources */,
				63F0EA5F1C03A4FD00DBAA1A /* Assets.xcassets in Resources */,
				63F0EA5A1C03A4FD00DBAA1A /* Main.storyboard in Resources */,
			);
			runOnlyForDeploymentPostprocessing = 0;
		};
		63F0EA661C03A4FD00DBAA1A /* Resources */ = {
			isa = PBXResourcesBuildPhase;
			buildActionMask = 2147483647;
			files = (
			);
			runOnlyForDeploymentPostprocessing = 0;
		};
		63F0EA711C03A4FD00DBAA1A /* Resources */ = {
			isa = PBXResourcesBuildPhase;
			buildActionMask = 2147483647;
			files = (
			);
			runOnlyForDeploymentPostprocessing = 0;
		};
/* End PBXResourcesBuildPhase section */

/* Begin PBXShellScriptBuildPhase section */
		08C1C5BEE0C97DBA6A9D10FA /* Embed Pods Frameworks */ = {
			isa = PBXShellScriptBuildPhase;
			buildActionMask = 2147483647;
			files = (
			);
			inputPaths = (
			);
			name = "Embed Pods Frameworks";
			outputPaths = (
			);
			runOnlyForDeploymentPostprocessing = 0;
			shellPath = /bin/sh;
			shellScript = "\"${SRCROOT}/Pods/Target Support Files/Pods-AlphaProcessCheck/Pods-AlphaProcessCheck-frameworks.sh\"\n";
			showEnvVarsInLog = 0;
		};
		63F0EA851C03A53D00DBAA1A /* Increase Build Number */ = {
			isa = PBXShellScriptBuildPhase;
			buildActionMask = 2147483647;
			files = (
			);
			inputPaths = (
			);
			name = "Increase Build Number";
			outputPaths = (
			);
			runOnlyForDeploymentPostprocessing = 0;
			shellPath = /bin/sh;
			shellScript = "if [ $CONFIGURATION == Release ]; then\necho \"Bumping build number...\"\nplist=${PROJECT_DIR}/${INFOPLIST_FILE}\n\n# increment the build number (ie 115 to 116)\nbuildnum=$(/usr/libexec/PlistBuddy -c \"Print CFBundleVersion\" \"${plist}\")\nif [[ \"${buildnum}\" == \"\" ]]; then\necho \"No build number in $plist\"\nexit 2\nfi\n\nbuildnum=$(expr $buildnum + 1)\n/usr/libexec/Plistbuddy -c \"Set CFBundleVersion $buildnum\" \"${plist}\"\necho \"Bumped build number to $buildnum\"\n\nelse\necho $CONFIGURATION \" build - Not bumping build number.\"\nfi";
		};
		63F0EA861C03A56800DBAA1A /* Increase Build Number Again */ = {
			isa = PBXShellScriptBuildPhase;
			buildActionMask = 2147483647;
			files = (
			);
			inputPaths = (
			);
			name = "Increase Build Number Again";
			outputPaths = (
			);
			runOnlyForDeploymentPostprocessing = 0;
			shellPath = /bin/sh;
			shellScript = "if [ $CONFIGURATION == Release ]; then\necho \"Bumping build number...\"\nplist=${PROJECT_DIR}/${INFOPLIST_FILE}\n\n# increment the build number (ie 115 to 116)\nbuildnum=$(/usr/libexec/PlistBuddy -c \"Print CFBundleVersion\" \"${plist}\")\nif [[ \"${buildnum}\" == \"\" ]]; then\necho \"No build number in $plist\"\nexit 2\nfi\n\nbuildnum=$(expr $buildnum + 1)\n/usr/libexec/Plistbuddy -c \"Set CFBundleVersion $buildnum\" \"${plist}\"\necho \"Bumped build number to $buildnum\"\n\nelse\necho $CONFIGURATION \" build - Not bumping build number.\"\nfi";
		};
		63F0EA871C03AAC500DBAA1A /* Carthage */ = {
			isa = PBXShellScriptBuildPhase;
			buildActionMask = 2147483647;
			files = (
			);
			inputPaths = (
				"$(SRCROOT)/Carthage/Build/iOS/Result.framework",
				"$(SRCROOT)/Carthage/Build/iOS/ReactiveCocoa.framework",
			);
			name = Carthage;
			outputPaths = (
			);
			runOnlyForDeploymentPostprocessing = 0;
			shellPath = /bin/sh;
			shellScript = "/usr/local/bin/carthage copy-frameworks";
		};
		7FD957D75D085B0FD9717AD4 /* Check Pods Manifest.lock */ = {
			isa = PBXShellScriptBuildPhase;
			buildActionMask = 2147483647;
			files = (
			);
			inputPaths = (
			);
			name = "Check Pods Manifest.lock";
			outputPaths = (
			);
			runOnlyForDeploymentPostprocessing = 0;
			shellPath = /bin/sh;
			shellScript = "diff \"${PODS_ROOT}/../Podfile.lock\" \"${PODS_ROOT}/Manifest.lock\" > /dev/null\nif [[ $? != 0 ]] ; then\n    cat << EOM\nerror: The sandbox is not in sync with the Podfile.lock. Run 'pod install' or update your CocoaPods installation.\nEOM\n    exit 1\nfi\n";
			showEnvVarsInLog = 0;
		};
		E8DD459329530EB7FED18763 /* Copy Pods Resources */ = {
			isa = PBXShellScriptBuildPhase;
			buildActionMask = 2147483647;
			files = (
			);
			inputPaths = (
			);
			name = "Copy Pods Resources";
			outputPaths = (
			);
			runOnlyForDeploymentPostprocessing = 0;
			shellPath = /bin/sh;
			shellScript = "\"${SRCROOT}/Pods/Target Support Files/Pods-AlphaProcessCheck/Pods-AlphaProcessCheck-resources.sh\"\n";
			showEnvVarsInLog = 0;
		};
/* End PBXShellScriptBuildPhase section */

/* Begin PBXSourcesBuildPhase section */
		63F0EA4D1C03A4FD00DBAA1A /* Sources */ = {
			isa = PBXSourcesBuildPhase;
			buildActionMask = 2147483647;
			files = (
				63F0EA9B1C03C34E00DBAA1A /* CoreDataStack.swift in Sources */,
				63F0EA571C03A4FD00DBAA1A /* ViewController.swift in Sources */,
				63F0EA5D1C03A4FD00DBAA1A /* AlphaProcessCheck.xcdatamodeld in Sources */,
				63F0EA991C03BBF000DBAA1A /* DataManager.swift in Sources */,
				63F0EA951C03BBC500DBAA1A /* RestClient.swift in Sources */,
				63F0EA551C03A4FD00DBAA1A /* AppDelegate.swift in Sources */,
				63F0EA971C03BBDA00DBAA1A /* PersistentClient.swift in Sources */,
			);
			runOnlyForDeploymentPostprocessing = 0;
		};
		63F0EA641C03A4FD00DBAA1A /* Sources */ = {
			isa = PBXSourcesBuildPhase;
			buildActionMask = 2147483647;
			files = (
				63F0EA6D1C03A4FD00DBAA1A /* AlphaProcessCheckTests.swift in Sources */,
			);
			runOnlyForDeploymentPostprocessing = 0;
		};
		63F0EA6F1C03A4FD00DBAA1A /* Sources */ = {
			isa = PBXSourcesBuildPhase;
			buildActionMask = 2147483647;
			files = (
				63F0EA781C03A4FD00DBAA1A /* AlphaProcessCheckUITests.swift in Sources */,
			);
			runOnlyForDeploymentPostprocessing = 0;
		};
/* End PBXSourcesBuildPhase section */

/* Begin PBXTargetDependency section */
		63F0EA6A1C03A4FD00DBAA1A /* PBXTargetDependency */ = {
			isa = PBXTargetDependency;
			target = 63F0EA501C03A4FD00DBAA1A /* AlphaProcessCheck */;
			targetProxy = 63F0EA691C03A4FD00DBAA1A /* PBXContainerItemProxy */;
		};
		63F0EA751C03A4FD00DBAA1A /* PBXTargetDependency */ = {
			isa = PBXTargetDependency;
			target = 63F0EA501C03A4FD00DBAA1A /* AlphaProcessCheck */;
			targetProxy = 63F0EA741C03A4FD00DBAA1A /* PBXContainerItemProxy */;
		};
/* End PBXTargetDependency section */

/* Begin PBXVariantGroup section */
		63F0EA581C03A4FD00DBAA1A /* Main.storyboard */ = {
			isa = PBXVariantGroup;
			children = (
				63F0EA591C03A4FD00DBAA1A /* Base */,
			);
			name = Main.storyboard;
			sourceTree = "<group>";
		};
		63F0EA601C03A4FD00DBAA1A /* LaunchScreen.storyboard */ = {
			isa = PBXVariantGroup;
			children = (
				63F0EA611C03A4FD00DBAA1A /* Base */,
			);
			name = LaunchScreen.storyboard;
			sourceTree = "<group>";
		};
/* End PBXVariantGroup section */

/* Begin XCBuildConfiguration section */
		63F0EA7A1C03A4FD00DBAA1A /* Debug */ = {
			isa = XCBuildConfiguration;
			buildSettings = {
				ALWAYS_SEARCH_USER_PATHS = NO;
				CLANG_CXX_LANGUAGE_STANDARD = "gnu++0x";
				CLANG_CXX_LIBRARY = "libc++";
				CLANG_ENABLE_MODULES = YES;
				CLANG_ENABLE_OBJC_ARC = YES;
				CLANG_WARN_BOOL_CONVERSION = YES;
				CLANG_WARN_CONSTANT_CONVERSION = YES;
				CLANG_WARN_DIRECT_OBJC_ISA_USAGE = YES_ERROR;
				CLANG_WARN_EMPTY_BODY = YES;
				CLANG_WARN_ENUM_CONVERSION = YES;
				CLANG_WARN_INT_CONVERSION = YES;
				CLANG_WARN_OBJC_ROOT_CLASS = YES_ERROR;
				CLANG_WARN_UNREACHABLE_CODE = YES;
				CLANG_WARN__DUPLICATE_METHOD_MATCH = YES;
				"CODE_SIGN_IDENTITY[sdk=iphoneos*]" = "iPhone Developer";
				COPY_PHASE_STRIP = NO;
				DEBUG_INFORMATION_FORMAT = dwarf;
				ENABLE_STRICT_OBJC_MSGSEND = YES;
				ENABLE_TESTABILITY = YES;
				GCC_C_LANGUAGE_STANDARD = gnu99;
				GCC_DYNAMIC_NO_PIC = NO;
				GCC_NO_COMMON_BLOCKS = YES;
				GCC_OPTIMIZATION_LEVEL = 0;
				GCC_PREPROCESSOR_DEFINITIONS = (
					"DEBUG=1",
					"$(inherited)",
				);
				GCC_WARN_64_TO_32_BIT_CONVERSION = YES;
				GCC_WARN_ABOUT_RETURN_TYPE = YES_ERROR;
				GCC_WARN_UNDECLARED_SELECTOR = YES;
				GCC_WARN_UNINITIALIZED_AUTOS = YES_AGGRESSIVE;
				GCC_WARN_UNUSED_FUNCTION = YES;
				GCC_WARN_UNUSED_VARIABLE = YES;
				IPHONEOS_DEPLOYMENT_TARGET = 9.1;
				MTL_ENABLE_DEBUG_INFO = YES;
				ONLY_ACTIVE_ARCH = YES;
				SDKROOT = iphoneos;
				SWIFT_OPTIMIZATION_LEVEL = "-Onone";
				TARGETED_DEVICE_FAMILY = 2;
			};
			name = Debug;
		};
		63F0EA7B1C03A4FD00DBAA1A /* Release */ = {
			isa = XCBuildConfiguration;
			buildSettings = {
				ALWAYS_SEARCH_USER_PATHS = NO;
				CLANG_CXX_LANGUAGE_STANDARD = "gnu++0x";
				CLANG_CXX_LIBRARY = "libc++";
				CLANG_ENABLE_MODULES = YES;
				CLANG_ENABLE_OBJC_ARC = YES;
				CLANG_WARN_BOOL_CONVERSION = YES;
				CLANG_WARN_CONSTANT_CONVERSION = YES;
				CLANG_WARN_DIRECT_OBJC_ISA_USAGE = YES_ERROR;
				CLANG_WARN_EMPTY_BODY = YES;
				CLANG_WARN_ENUM_CONVERSION = YES;
				CLANG_WARN_INT_CONVERSION = YES;
				CLANG_WARN_OBJC_ROOT_CLASS = YES_ERROR;
				CLANG_WARN_UNREACHABLE_CODE = YES;
				CLANG_WARN__DUPLICATE_METHOD_MATCH = YES;
				"CODE_SIGN_IDENTITY[sdk=iphoneos*]" = "iPhone Developer";
				COPY_PHASE_STRIP = NO;
				DEBUG_INFORMATION_FORMAT = "dwarf-with-dsym";
				ENABLE_NS_ASSERTIONS = NO;
				ENABLE_STRICT_OBJC_MSGSEND = YES;
				GCC_C_LANGUAGE_STANDARD = gnu99;
				GCC_NO_COMMON_BLOCKS = YES;
				GCC_WARN_64_TO_32_BIT_CONVERSION = YES;
				GCC_WARN_ABOUT_RETURN_TYPE = YES_ERROR;
				GCC_WARN_UNDECLARED_SELECTOR = YES;
				GCC_WARN_UNINITIALIZED_AUTOS = YES_AGGRESSIVE;
				GCC_WARN_UNUSED_FUNCTION = YES;
				GCC_WARN_UNUSED_VARIABLE = YES;
				IPHONEOS_DEPLOYMENT_TARGET = 9.1;
				MTL_ENABLE_DEBUG_INFO = NO;
				SDKROOT = iphoneos;
				TARGETED_DEVICE_FAMILY = 2;
				VALIDATE_PRODUCT = YES;
			};
			name = Release;
		};
		63F0EA7D1C03A4FD00DBAA1A /* Debug */ = {
			isa = XCBuildConfiguration;
			baseConfigurationReference = AFB44BE749424D26A3AB0908 /* Pods-AlphaProcessCheck.debug.xcconfig */;
			buildSettings = {
				ASSETCATALOG_COMPILER_APPICON_NAME = AppIcon;
				FRAMEWORK_SEARCH_PATHS = (
					"$(inherited)",
					"$(PROJECT_DIR)/Carthage/Build/iOS",
				);
				INFOPLIST_FILE = AlphaProcessCheck/Info.plist;
				LD_RUNPATH_SEARCH_PATHS = "$(inherited) @executable_path/Frameworks";
				PRODUCT_BUNDLE_IDENTIFIER = com.rapiddg.alphaprocesscheck;
				PRODUCT_NAME = "$(TARGET_NAME)";
			};
			name = Debug;
		};
		63F0EA7E1C03A4FD00DBAA1A /* Release */ = {
			isa = XCBuildConfiguration;
			baseConfigurationReference = 29C76F0A65C1D2085A8DF32C /* Pods-AlphaProcessCheck.release.xcconfig */;
			buildSettings = {
				ASSETCATALOG_COMPILER_APPICON_NAME = AppIcon;
				FRAMEWORK_SEARCH_PATHS = (
					"$(inherited)",
					"$(PROJECT_DIR)/Carthage/Build/iOS",
				);
				INFOPLIST_FILE = AlphaProcessCheck/Info.plist;
				LD_RUNPATH_SEARCH_PATHS = "$(inherited) @executable_path/Frameworks";
				PRODUCT_BUNDLE_IDENTIFIER = com.rapiddg.alphaprocesscheck;
				PRODUCT_NAME = "$(TARGET_NAME)";
			};
			name = Release;
		};
		63F0EA801C03A4FD00DBAA1A /* Debug */ = {
			isa = XCBuildConfiguration;
			buildSettings = {
				BUNDLE_LOADER = "$(TEST_HOST)";
				INFOPLIST_FILE = AlphaProcessCheckTests/Info.plist;
				LD_RUNPATH_SEARCH_PATHS = "$(inherited) @executable_path/Frameworks @loader_path/Frameworks";
				PRODUCT_BUNDLE_IDENTIFIER = com.rapiddg.AlphaProcessCheckTests;
				PRODUCT_NAME = "$(TARGET_NAME)";
				TEST_HOST = "$(BUILT_PRODUCTS_DIR)/AlphaProcessCheck.app/AlphaProcessCheck";
			};
			name = Debug;
		};
		63F0EA811C03A4FD00DBAA1A /* Release */ = {
			isa = XCBuildConfiguration;
			buildSettings = {
				BUNDLE_LOADER = "$(TEST_HOST)";
				INFOPLIST_FILE = AlphaProcessCheckTests/Info.plist;
				LD_RUNPATH_SEARCH_PATHS = "$(inherited) @executable_path/Frameworks @loader_path/Frameworks";
				PRODUCT_BUNDLE_IDENTIFIER = com.rapiddg.AlphaProcessCheckTests;
				PRODUCT_NAME = "$(TARGET_NAME)";
				TEST_HOST = "$(BUILT_PRODUCTS_DIR)/AlphaProcessCheck.app/AlphaProcessCheck";
			};
			name = Release;
		};
		63F0EA831C03A4FD00DBAA1A /* Debug */ = {
			isa = XCBuildConfiguration;
			buildSettings = {
				INFOPLIST_FILE = AlphaProcessCheckUITests/Info.plist;
				LD_RUNPATH_SEARCH_PATHS = "$(inherited) @executable_path/Frameworks @loader_path/Frameworks";
				PRODUCT_BUNDLE_IDENTIFIER = com.rapiddg.AlphaProcessCheckUITests;
				PRODUCT_NAME = "$(TARGET_NAME)";
				TEST_TARGET_NAME = AlphaProcessCheck;
				USES_XCTRUNNER = YES;
			};
			name = Debug;
		};
		63F0EA841C03A4FD00DBAA1A /* Release */ = {
			isa = XCBuildConfiguration;
			buildSettings = {
				INFOPLIST_FILE = AlphaProcessCheckUITests/Info.plist;
				LD_RUNPATH_SEARCH_PATHS = "$(inherited) @executable_path/Frameworks @loader_path/Frameworks";
				PRODUCT_BUNDLE_IDENTIFIER = com.rapiddg.AlphaProcessCheckUITests;
				PRODUCT_NAME = "$(TARGET_NAME)";
				TEST_TARGET_NAME = AlphaProcessCheck;
				USES_XCTRUNNER = YES;
			};
			name = Release;
		};
/* End XCBuildConfiguration section */

/* Begin XCConfigurationList section */
		63F0EA4C1C03A4FD00DBAA1A /* Build configuration list for PBXProject "AlphaProcessCheck" */ = {
			isa = XCConfigurationList;
			buildConfigurations = (
				63F0EA7A1C03A4FD00DBAA1A /* Debug */,
				63F0EA7B1C03A4FD00DBAA1A /* Release */,
			);
			defaultConfigurationIsVisible = 0;
			defaultConfigurationName = Release;
		};
		63F0EA7C1C03A4FD00DBAA1A /* Build configuration list for PBXNativeTarget "AlphaProcessCheck" */ = {
			isa = XCConfigurationList;
			buildConfigurations = (
				63F0EA7D1C03A4FD00DBAA1A /* Debug */,
				63F0EA7E1C03A4FD00DBAA1A /* Release */,
			);
			defaultConfigurationIsVisible = 0;
			defaultConfigurationName = Release;
		};
		63F0EA7F1C03A4FD00DBAA1A /* Build configuration list for PBXNativeTarget "AlphaProcessCheckTests" */ = {
			isa = XCConfigurationList;
			buildConfigurations = (
				63F0EA801C03A4FD00DBAA1A /* Debug */,
				63F0EA811C03A4FD00DBAA1A /* Release */,
			);
			defaultConfigurationIsVisible = 0;
			defaultConfigurationName = Release;
		};
		63F0EA821C03A4FD00DBAA1A /* Build configuration list for PBXNativeTarget "AlphaProcessCheckUITests" */ = {
			isa = XCConfigurationList;
			buildConfigurations = (
				63F0EA831C03A4FD00DBAA1A /* Debug */,
				63F0EA841C03A4FD00DBAA1A /* Release */,
			);
			defaultConfigurationIsVisible = 0;
			defaultConfigurationName = Release;
		};
/* End XCConfigurationList section */

/* Begin XCVersionGroup section */
		63F0EA5B1C03A4FD00DBAA1A /* AlphaProcessCheck.xcdatamodeld */ = {
			isa = XCVersionGroup;
			children = (
				63F0EA5C1C03A4FD00DBAA1A /* AlphaProcessCheck.xcdatamodel */,
			);
			currentVersion = 63F0EA5C1C03A4FD00DBAA1A /* AlphaProcessCheck.xcdatamodel */;
			path = AlphaProcessCheck.xcdatamodeld;
			sourceTree = "<group>";
			versionGroupType = wrapper.xcdatamodel;
		};
/* End XCVersionGroup section */
	};
	rootObject = 63F0EA491C03A4FD00DBAA1A /* Project object */;
}
